github.com/BurntSushi/xgb v0.0.0-20160522181843-27f122750802 h1:1BDTz0u9nC3//pOCMdNH+CiXJVYJh5UQNCOBG7jbELc=
github.com/BurntSushi/xgb v0.0.0-20160522181843-27f122750802/go.mod h1:IVnqGOEym/WlBOVXweHU+Q+/VP0lqqI8lqeDx9IjBqo=
github.com/EndFirstCorp/peekingReader v0.0.0-20171012052444-257fb6f1a1a6 h1:t27CGFMv8DwGwqRPEa2VNof5I/aZwO6q2gfJhN8q0U4=
github.com/EndFirstCorp/peekingReader v0.0.0-20171012052444-257fb6f1a1a6/go.mod h1:zpqkXxDsVfEIUZEWvT9yAo8OmRvSlRrcYQ3Zs8sSubA=
github.com/cretz/bine v0.1.0 h1:1/fvhLE+fk0bPzjdO5Ci+0ComYxEMuB1JhM4X5skT3g=
github.com/cretz/bine v0.1.0/go.mod h1:6PF6fWAvYtwjRGkAuDEJeWNOv3a2hUouSP/yRYXmvHw=
github.com/davecheney/junk v0.0.0-20170418064243-155060ce6d56/go.mod h1:fQ2zSTuIpVDCDa93NEdfBnpWaZZbUn+6J1T8Vi7vZPg=
github.com/golang/example v0.0.0-20170904185048-46695d81d1fa/go.mod h1:tO/5UvQ/uKigUjQBPqzstj6uxd3fUIjddi19DxGJeWg=
github.com/lu4p/cat v0.0.0-20190304233712-475e18f62f24 h1:4KRkNHoiIiQagxt20p/me4eCcL06s/M/UfJ2OzWd66g=
github.com/lu4p/cat v0.0.0-20190304233712-475e18f62f24/go.mod h1:CnvzdXpKPyn5TZ9usLsD5+7pHoepbB0F8grzByih71Q=
github.com/lu4p/cat v0.0.0-20191027021412-282cab7b023d h1:R7Wo72Azf4ohv+hKWux6ruxEnkEPjOEmcRtPBGEHQT8=
github.com/lu4p/cat v0.0.0-20191027021412-282cab7b023d/go.mod h1:DPWNd9BQRUDqZzhZXJOlZ59Ye/I3n1DqdxBM+GYV4P4=
github.com/lu4p/go-escalate v0.0.0-20190825140759-12410720df3b h1:4+k6iPBbSVhKNXeO7CA08gTKpPDt4guBZMDIBym+LAQ=
github.com/lu4p/go-escalate v0.0.0-20190825140759-12410720df3b/go.mod h1:c8jyo9SV4hUGWbk+4w/fm2NNSK/ciJBeMA8vzzIhvgE=
github.com/lu4p/shred v0.0.0-20190320004132-e392edbd29ea h1:rsNtVlU3Z+koXb2JXwhJkA8pLFtoYZBWKOcch/2Uc3E=
github.com/lu4p/shred v0.0.0-20190320004132-e392edbd29ea/go.mod h1:XF06GVxJeeyT7wPWK25KH9RSh2Qwpp0VbHX+hggQiQU=
github.com/lu4p/shred v0.0.0-20191027005712-98974925f1f8 h1:qMj4wKaC0gVjy4ZcPs+wUv5AYUCOJrEuP9yQfEGamWg=
github.com/lu4p/shred v0.0.0-20191027005712-98974925f1f8/go.mod h1:QSEBpCvx9DTSXJb5F+BWFengt8igtI9Dl0ek7Y0sUxE=
github.com/pierrre/archivefile v0.0.0-20170218184037-e2d100bc74f5 h1:NSJ2ncDyrZ58zh67WXRBVoythaPHPTcF64mRIvrQgQk=
github.com/pierrre/archivefile v0.0.0-20170218184037-e2d100bc74f5/go.mod h1:VKhfi3lB86pwfB8XPHcj7Ysi1TczeIwwx3cOGcWXVXU=
github.com/vova616/screenshot v0.0.0-20190211115255-f9547e483e0a h1:bDR1b8ylagDeiZJLd0QXit1Q5JuJujlvTwidz0ie7aE=
github.com/vova616/screenshot v0.0.0-20190211115255-f9547e483e0a/go.mod h1:gjlNhAXON0uGGilpsAZpMx5bN1ZVavUlJETHif7w4HQ=
github.com/vova616/screenshot v0.0.0-20191005130345-da36db2560ab h1:vUMgeWLl6VfXlgjNYPrSZrgEVeLTQygricKsAcJjBZ0=
github.com/vova616/screenshot v0.0.0-20191005130345-da36db2560ab/go.mod h1:gjlNhAXON0uGGilpsAZpMx5bN1ZVavUlJETHif7w4HQ=
golang.org/x/crypto v0.0.0-20190308221718-c2843e01d9a2/go.mod h1:djNgcEr1/C05ACkg1iLfiJU5Ep61QUkGW8qpdssI0+w=
golang.org/x/crypto v0.0.0-20190404164418-38d8ce5564a5 h1:bselrhR0Or1vomJZC8ZIjWtbDmn9OYFLX5Ik9alpJpE=
golang.org/x/crypto v0.0.0-20190404164418-38d8ce5564a5/go.mod h1:WFFai1msRO1wXaEeE5yQxYXgSfI8pQAWXbQop6sCtWE=
golang.org/x/crypto v0.0.0-20191011191535-87dc89f01550 h1:ObdrDkeb4kJdCP557AjRjq69pTHfNouLtWZG7j9rPN8=
golang.org/x/crypto v0.0.0-20191011191535-87dc89f01550/go.mod h1:yigFU9vqHzYiE8UmvKecakEJjdnWj3jj499lnFckfCI=
golang.org/x/net v0.0.0-20190404232315-eb5bcb51f2a3 h1:0GoQqolDA55aaLxZyTzK/Y2ePZzZTUrRacwib7cNsYQ=
golang.org/x/net v0.0.0-20190404232315-eb5bcb51f2a3/go.mod h1:t9HGtf8HONx5eT2rtn7q6eTqICYqUVnKs3thJo3Qplg=
golang.org/x/net v0.0.0-20191021144547-ec77196f6094 h1:5O4U9trLjNpuhpynaDsqwCk+Tw6seqJz1EbqbnzHrc8=
golang.org/x/net v0.0.0-20191021144547-ec77196f6094/go.mod h1:z5CRVTTTmAJ677TzLLGU+0bjPO0LkuOLi4/5GtJWs/s=
golang.org/x/sys v0.0.0-20190215142949-d0b11bdaac8a/go.mod h1:STP8DvDyc/dI5b8T5hshtkjS+E42TnysNCUPdjciGhY=
golang.org/x/sys v0.0.0-20190403152447-81d4e9dc473e h1:nFYrTHrdrAOpShe27kaFHjsqYSEQ0KWqdWLu3xuZJts=
golang.org/x/sys v0.0.0-20190403152447-81d4e9dc473e/go.mod h1:h1NjWce9XRLGQEsW7wpKNCjG9DtNlClVuFLEZdDNbEs=
golang.org/x/sys v0.0.0-20190412213103-97732733099d/go.mod h1:h1NjWce9XRLGQEsW7wpKNCjG9DtNlClVuFLEZdDNbEs=
golang.org/x/sys v0.0.0-20191026070338-33540a1f6037 h1:YyJpGZS1sBuBCzLAR1VEpK193GlqGZbnPFnPV/5Rsb4=
golang.org/x/sys v0.0.0-20191026070338-33540a1f6037/go.mod h1:h1NjWce9XRLGQEsW7wpKNCjG9DtNlClVuFLEZdDNbEs=
golang.org/x/text v0.3.0/go.mod h1:NqM8EUOU14njkJ3fqMW+pc6Ldnwhi/IjpwHt7yyuwOQ=
